// !$*UTF8*$!
{
	archiveVersion = 1;
	classes = {
	};
	objectVersion = 46;
	objects = {

/* Begin PBXBuildFile section */
		E1AD5C2D1B4C0E92000D656B /* AppDelegate.swift in Sources */ = {isa = PBXBuildFile; fileRef = E1AD5C2C1B4C0E92000D656B /* AppDelegate.swift */; };
		E1AD5C2F1B4C0E92000D656B /* ViewController.swift in Sources */ = {isa = PBXBuildFile; fileRef = E1AD5C2E1B4C0E92000D656B /* ViewController.swift */; };
		E1AD5C321B4C0E92000D656B /* Main.storyboard in Resources */ = {isa = PBXBuildFile; fileRef = E1AD5C301B4C0E92000D656B /* Main.storyboard */; };
		E1AD5C341B4C0E92000D656B /* Assets.xcassets in Resources */ = {isa = PBXBuildFile; fileRef = E1AD5C331B4C0E92000D656B /* Assets.xcassets */; };
		E1AD5C371B4C0E92000D656B /* LaunchScreen.storyboard in Resources */ = {isa = PBXBuildFile; fileRef = E1AD5C351B4C0E92000D656B /* LaunchScreen.storyboard */; };
		E1AD5C431B4C1163000D656B /* talks.json in Resources */ = {isa = PBXBuildFile; fileRef = E1AD5C421B4C1163000D656B /* talks.json */; };
/* End PBXBuildFile section */

/* Begin PBXFileReference section */
		E1AD5C291B4C0E92000D656B /* ComplicateAppBuilders.app */ = {isa = PBXFileReference; explicitFileType = wrapper.application; includeInIndex = 0; path = ComplicateAppBuilders.app; sourceTree = BUILT_PRODUCTS_DIR; };
		E1AD5C2C1B4C0E92000D656B /* AppDelegate.swift */ = {isa = PBXFileReference; lastKnownFileType = sourcecode.swift; path = AppDelegate.swift; sourceTree = "<group>"; };
		E1AD5C2E1B4C0E92000D656B /* ViewController.swift */ = {isa = PBXFileReference; lastKnownFileType = sourcecode.swift; path = ViewController.swift; sourceTree = "<group>"; };
		E1AD5C311B4C0E92000D656B /* Base */ = {isa = PBXFileReference; lastKnownFileType = file.storyboard; name = Base; path = Base.lproj/Main.storyboard; sourceTree = "<group>"; };
		E1AD5C331B4C0E92000D656B /* Assets.xcassets */ = {isa = PBXFileReference; lastKnownFileType = folder.assetcatalog; path = Assets.xcassets; sourceTree = "<group>"; };
		E1AD5C361B4C0E92000D656B /* Base */ = {isa = PBXFileReference; lastKnownFileType = file.storyboard; name = Base; path = Base.lproj/LaunchScreen.storyboard; sourceTree = "<group>"; };
		E1AD5C381B4C0E92000D656B /* Info.plist */ = {isa = PBXFileReference; lastKnownFileType = text.plist.xml; path = Info.plist; sourceTree = "<group>"; };
		E1AD5C421B4C1163000D656B /* talks.json */ = {isa = PBXFileReference; fileEncoding = 4; lastKnownFileType = text.json; path = talks.json; sourceTree = "<group>"; };
/* End PBXFileReference section */

/* Begin PBXFrameworksBuildPhase section */
		E1AD5C261B4C0E92000D656B /* Frameworks */ = {
			isa = PBXFrameworksBuildPhase;
			buildActionMask = 2147483647;
			files = (
			);
			runOnlyForDeploymentPostprocessing = 0;
		};
/* End PBXFrameworksBuildPhase section */

/* Begin PBXGroup section */
		E1AD5C201B4C0E92000D656B = {
			isa = PBXGroup;
			children = (
				E1AD5C2B1B4C0E92000D656B /* ComplicateAppBuilders */,
				E1AD5C2A1B4C0E92000D656B /* Products */,
			);
			sourceTree = "<group>";
		};
		E1AD5C2A1B4C0E92000D656B /* Products */ = {
			isa = PBXGroup;
			children = (
				E1AD5C291B4C0E92000D656B /* ComplicateAppBuilders.app */,
			);
			name = Products;
			sourceTree = "<group>";
		};
		E1AD5C2B1B4C0E92000D656B /* ComplicateAppBuilders */ = {
			isa = PBXGroup;
			children = (
				E1AD5C421B4C1163000D656B /* talks.json */,
				E1AD5C2C1B4C0E92000D656B /* AppDelegate.swift */,
				E1AD5C2E1B4C0E92000D656B /* ViewController.swift */,
				E1AD5C301B4C0E92000D656B /* Main.storyboard */,
				E1AD5C331B4C0E92000D656B /* Assets.xcassets */,
				E1AD5C351B4C0E92000D656B /* LaunchScreen.storyboard */,
				E1AD5C381B4C0E92000D656B /* Info.plist */,
			);
			path = ComplicateAppBuilders;
			sourceTree = "<group>";
		};
/* End PBXGroup section */

/* Begin PBXNativeTarget section */
		E1AD5C281B4C0E92000D656B /* ComplicateAppBuilders */ = {
			isa = PBXNativeTarget;
			buildConfigurationList = E1AD5C3B1B4C0E92000D656B /* Build configuration list for PBXNativeTarget "ComplicateAppBuilders" */;
			buildPhases = (
				E1AD5C251B4C0E92000D656B /* Sources */,
				E1AD5C261B4C0E92000D656B /* Frameworks */,
				E1AD5C271B4C0E92000D656B /* Resources */,
			);
			buildRules = (
			);
			dependencies = (
			);
			name = ComplicateAppBuilders;
			productName = ComplicateAppBuilders;
			productReference = E1AD5C291B4C0E92000D656B /* ComplicateAppBuilders.app */;
			productType = "com.apple.product-type.application";
		};
/* End PBXNativeTarget section */

/* Begin PBXProject section */
		E1AD5C211B4C0E92000D656B /* Project object */ = {
			isa = PBXProject;
			attributes = {
				LastUpgradeCheck = 0700;
				ORGANIZATIONNAME = "Vasile Cotovanu";
				TargetAttributes = {
					E1AD5C281B4C0E92000D656B = {
						CreatedOnToolsVersion = 7.0;
					};
				};
			};
			buildConfigurationList = E1AD5C241B4C0E92000D656B /* Build configuration list for PBXProject "ComplicateAppBuilders" */;
			compatibilityVersion = "Xcode 3.2";
			developmentRegion = English;
			hasScannedForEncodings = 0;
			knownRegions = (
				en,
				Base,
			);
			mainGroup = E1AD5C201B4C0E92000D656B;
			productRefGroup = E1AD5C2A1B4C0E92000D656B /* Products */;
			projectDirPath = "";
			projectRoot = "";
			targets = (
				E1AD5C281B4C0E92000D656B /* ComplicateAppBuilders */,
			);
		};
/* End PBXProject section */

/* Begin PBXResourcesBuildPhase section */
		E1AD5C271B4C0E92000D656B /* Resources */ = {
			isa = PBXResourcesBuildPhase;
			buildActionMask = 2147483647;
			files = (
				E1AD5C371B4C0E92000D656B /* LaunchScreen.storyboard in Resources */,
				E1AD5C431B4C1163000D656B /* talks.json in Resources */,
				E1AD5C341B4C0E92000D656B /* Assets.xcassets in Resources */,
				E1AD5C321B4C0E92000D656B /* Main.storyboard in Resources */,
			);
			runOnlyForDeploymentPostprocessing = 0;
		};
/* End PBXResourcesBuildPhase section */

/* Begin PBXSourcesBuildPhase section */
		E1AD5C251B4C0E92000D656B /* Sources */ = {
			isa = PBXSourcesBuildPhase;
			buildActionMask = 2147483647;
			files = (
				E1AD5C2F1B4C0E92000D656B /* ViewController.swift in Sources */,
				E1AD5C2D1B4C0E92000D656B /* AppDelegate.swift in Sources */,
			);
			runOnlyForDeploymentPostprocessing = 0;
		};
/* End PBXSourcesBuildPhase section */

/* Begin PBXVariantGroup section */
		E1AD5C301B4C0E92000D656B /* Main.storyboard */ = {
			isa = PBXVariantGroup;
			children = (
				E1AD5C311B4C0E92000D656B /* Base */,
			);
			name = Main.storyboard;
			sourceTree = "<group>";
		};
		E1AD5C351B4C0E92000D656B /* LaunchScreen.storyboard */ = {
			isa = PBXVariantGroup;
			children = (
				E1AD5C361B4C0E92000D656B /* Base */,
			);
			name = LaunchScreen.storyboard;
			sourceTree = "<group>";
		};
/* End PBXVariantGroup section */

/* Begin XCBuildConfiguration section */
		E1AD5C391B4C0E92000D656B /* Debug */ = {
			isa = XCBuildConfiguration;
			buildSettings = {
				ALWAYS_SEARCH_USER_PATHS = NO;
				CLANG_CXX_LANGUAGE_STANDARD = "gnu++0x";
				CLANG_CXX_LIBRARY = "libc++";
				CLANG_ENABLE_MODULES = YES;
				CLANG_ENABLE_OBJC_ARC = YES;
				CLANG_WARN_BOOL_CONVERSION = YES;
				CLANG_WARN_CONSTANT_CONVERSION = YES;
				CLANG_WARN_DIRECT_OBJC_ISA_USAGE = YES_ERROR;
				CLANG_WARN_EMPTY_BODY = YES;
				CLANG_WARN_ENUM_CONVERSION = YES;
				CLANG_WARN_INT_CONVERSION = YES;
				CLANG_WARN_OBJC_ROOT_CLASS = YES_ERROR;
				CLANG_WARN_UNREACHABLE_CODE = YES;
				CLANG_WARN__DUPLICATE_METHOD_MATCH = YES;
				"CODE_SIGN_IDENTITY[sdk=iphoneos*]" = "iPhone Developer";
				COPY_PHASE_STRIP = NO;
				DEBUG_INFORMATION_FORMAT = dwarf;
				ENABLE_STRICT_OBJC_MSGSEND = YES;
				ENABLE_TESTABILITY = YES;
				GCC_C_LANGUAGE_STANDARD = gnu99;
				GCC_DYNAMIC_NO_PIC = NO;
				GCC_NO_COMMON_BLOCKS = YES;
				GCC_OPTIMIZATION_LEVEL = 0;
				GCC_PREPROCESSOR_DEFINITIONS = (
					"DEBUG=1",
					"$(inherited)",
				);
				GCC_WARN_64_TO_32_BIT_CONVERSION = YES;
				GCC_WARN_ABOUT_RETURN_TYPE = YES_ERROR;
				GCC_WARN_UNDECLARED_SELECTOR = YES;
				GCC_WARN_UNINITIALIZED_AUTOS = YES_AGGRESSIVE;
				GCC_WARN_UNUSED_FUNCTION = YES;
				GCC_WARN_UNUSED_VARIABLE = YES;
				IPHONEOS_DEPLOYMENT_TARGET = 9.0;
				MTL_ENABLE_DEBUG_INFO = YES;
				ONLY_ACTIVE_ARCH = YES;
				SDKROOT = iphoneos;
				SWIFT_OPTIMIZATION_LEVEL = "-Onone";
			};
			name = Debug;
		};
		E1AD5C3A1B4C0E92000D656B /* Release */ = {
			isa = XCBuildConfiguration;
			buildSettings = {
				ALWAYS_SEARCH_USER_PATHS = NO;
				CLANG_CXX_LANGUAGE_STANDARD = "gnu++0x";
				CLANG_CXX_LIBRARY = "libc++";
				CLANG_ENABLE_MODULES = YES;
				CLANG_ENABLE_OBJC_ARC = YES;
				CLANG_WARN_BOOL_CONVERSION = YES;
				CLANG_WARN_CONSTANT_CONVERSION = YES;
				CLANG_WARN_DIRECT_OBJC_ISA_USAGE = YES_ERROR;
				CLANG_WARN_EMPTY_BODY = YES;
				CLANG_WARN_ENUM_CONVERSION = YES;
				CLANG_WARN_INT_CONVERSION = YES;
				CLANG_WARN_OBJC_ROOT_CLASS = YES_ERROR;
				CLANG_WARN_UNREACHABLE_CODE = YES;
				CLANG_WARN__DUPLICATE_METHOD_MATCH = YES;
				"CODE_SIGN_IDENTITY[sdk=iphoneos*]" = "iPhone Developer";
				COPY_PHASE_STRIP = NO;
				DEBUG_INFORMATION_FORMAT = "dwarf-with-dsym";
				ENABLE_NS_ASSERTIONS = NO;
				ENABLE_STRICT_OBJC_MSGSEND = YES;
				GCC_C_LANGUAGE_STANDARD = gnu99;
				GCC_NO_COMMON_BLOCKS = YES;
				GCC_WARN_64_TO_32_BIT_CONVERSION = YES;
				GCC_WARN_ABOUT_RETURN_TYPE = YES_ERROR;
				GCC_WARN_UNDECLARED_SELECTOR = YES;
				GCC_WARN_UNINITIALIZED_AUTOS = YES_AGGRESSIVE;
				GCC_WARN_UNUSED_FUNCTION = YES;
				GCC_WARN_UNUSED_VARIABLE = YES;
				IPHONEOS_DEPLOYMENT_TARGET = 9.0;
				MTL_ENABLE_DEBUG_INFO = NO;
				SDKROOT = iphoneos;
				VALIDATE_PRODUCT = YES;
			};
			name = Release;
		};
		E1AD5C3C1B4C0E92000D656B /* Debug */ = {
			isa = XCBuildConfiguration;
			buildSettings = {
				ASSETCATALOG_COMPILER_APPICON_NAME = AppIcon;
				INFOPLIST_FILE = ComplicateAppBuilders/Info.plist;
				LD_RUNPATH_SEARCH_PATHS = "$(inherited) @executable_path/Frameworks";
				PRODUCT_BUNDLE_IDENTIFIER = ch.local.ComplicateAppBuilders;
				PRODUCT_NAME = "$(TARGET_NAME)";
			};
			name = Debug;
		};
		E1AD5C3D1B4C0E92000D656B /* Release */ = {
			isa = XCBuildConfiguration;
			buildSettings = {
				ASSETCATALOG_COMPILER_APPICON_NAME = AppIcon;
				INFOPLIST_FILE = ComplicateAppBuilders/Info.plist;
				LD_RUNPATH_SEARCH_PATHS = "$(inherited) @executable_path/Frameworks";
				PRODUCT_BUNDLE_IDENTIFIER = ch.local.ComplicateAppBuilders;
				PRODUCT_NAME = "$(TARGET_NAME)";
			};
			name = Release;
		};
/* End XCBuildConfiguration section */

/* Begin XCConfigurationList section */
		E1AD5C241B4C0E92000D656B /* Build configuration list for PBXProject "ComplicateAppBuilders" */ = {
			isa = XCConfigurationList;
			buildConfigurations = (
				E1AD5C391B4C0E92000D656B /* Debug */,
				E1AD5C3A1B4C0E92000D656B /* Release */,
			);
			defaultConfigurationIsVisible = 0;
			defaultConfigurationName = Release;
		};
		E1AD5C3B1B4C0E92000D656B /* Build configuration list for PBXNativeTarget "ComplicateAppBuilders" */ = {
			isa = XCConfigurationList;
			buildConfigurations = (
				E1AD5C3C1B4C0E92000D656B /* Debug */,
				E1AD5C3D1B4C0E92000D656B /* Release */,
			);
			defaultConfigurationIsVisible = 0;
		};
/* End XCConfigurationList section */
	};
	rootObject = E1AD5C211B4C0E92000D656B /* Project object */;
}
